
Microsoft Visual Studio Solution File, Format Version 12.00
# Visual Studio Version 17
VisualStudioVersion = 17.5.002.0
MinimumVisualStudioVersion = 10.0.40219.1
Project("{9A19103F-16F7-4668-BE54-9A1E7A4F7556}") = "SNT", "SNT.csproj", "{BA4FE3A8-B2B6-4055-89A6-4C0C4015494A}"
EndProject
Global
	GlobalSection(SolutionConfigurationPlatforms) = preSolution
		Debug|Any CPU = Debug|Any CPU
		Release|Any CPU = Release|Any CPU
	EndGlobalSection
	GlobalSection(ProjectConfigurationPlatforms) = postSolution
		{BA4FE3A8-B2B6-4055-89A6-4C0C4015494A}.Debug|Any CPU.ActiveCfg = Debug|Any CPU
		{BA4FE3A8-B2B6-4055-89A6-4C0C4015494A}.Debug|Any CPU.Build.0 = Debug|Any CPU
		{BA4FE3A8-B2B6-4055-89A6-4C0C4015494A}.Release|Any CPU.ActiveCfg = Release|Any CPU
		{BA4FE3A8-B2B6-4055-89A6-4C0C4015494A}.Release|Any CPU.Build.0 = Release|Any CPU
	EndGlobalSection
	GlobalSection(SolutionProperties) = preSolution
		HideSolutionNode = FALSE
	EndGlobalSection
	GlobalSection(ExtensibilityGlobals) = postSolution
		SolutionGuid = {0DC6BF41-FD4B-492A-BFDB-62748196EB1C}
	EndGlobalSection
EndGlobal
